
Microsoft Visual Studio Solution File, Format Version 12.00
# Visual Studio Version 16
VisualStudioVersion = 16.0.31205.134
MinimumVisualStudioVersion = 10.0.40219.1
Project("{FAE04EC0-301F-11D3-BF4B-00C04F79EFBC}") = "schoolSystem", "schoolSystem\schoolSystem.csproj", "{AA36ABC7-C4A6-49FA-A1FA-91C9CDA60E74}"
EndProject
Global
	GlobalSection(SolutionConfigurationPlatforms) = preSolution
		Debug|Any CPU = Debug|Any CPU
		Release|Any CPU = Release|Any CPU
	EndGlobalSection
	GlobalSection(ProjectConfigurationPlatforms) = postSolution
		{AA36ABC7-C4A6-49FA-A1FA-91C9CDA60E74}.Debug|Any CPU.ActiveCfg = Debug|Any CPU
		{AA36ABC7-C4A6-49FA-A1FA-91C9CDA60E74}.Debug|Any CPU.Build.0 = Debug|Any CPU
		{AA36ABC7-C4A6-49FA-A1FA-91C9CDA60E74}.Release|Any CPU.ActiveCfg = Release|Any CPU
		{AA36ABC7-C4A6-49FA-A1FA-91C9CDA60E74}.Release|Any CPU.Build.0 = Release|Any CPU
	EndGlobalSection
	GlobalSection(SolutionProperties) = preSolution
		HideSolutionNode = FALSE
	EndGlobalSection
	GlobalSection(ExtensibilityGlobals) = postSolution
		SolutionGuid = {D86C9B9E-3FFA-45AB-B091-A2E6F6B1FB51}
	EndGlobalSection
EndGlobal
